
Microsoft Visual Studio Solution File, Format Version 12.00
# Visual Studio 15
VisualStudioVersion = 15.0.26403.7
MinimumVisualStudioVersion = 10.0.40219.1
Project("{8BC9CEB8-8B4A-11D0-8D11-00A0C91BC942}") = "osg_hello", "osg_hello\osg_hello.vcxproj", "{28BD22B2-E06E-45E9-ACFF-775A131D8545}"
EndProject
Project("{8BC9CEB8-8B4A-11D0-8D11-00A0C91BC942}") = "osg_nodeVisitor", "ConsoleApplication1\ConsoleApplication1.vcxproj", "{80C94CEC-4003-4157-A0A9-2A7962073DCD}"
EndProject
Project("{8BC9CEB8-8B4A-11D0-8D11-00A0C91BC942}") = "CustomizeNodeCallback", "CustomizeNodeCallback\CustomizeNodeCallback.vcxproj", "{26888342-1C41-41B2-9A15-A038AF2DC4AB}"
EndProject
Project("{8BC9CEB8-8B4A-11D0-8D11-00A0C91BC942}") = "AutoTransform", "AutoTransform\AutoTransform.vcxproj", "{578D40E9-F284-465E-B9A5-4E06E79F622F}"
EndProject
Project("{8BC9CEB8-8B4A-11D0-8D11-00A0C91BC942}") = "SwitchNode", "SwitchNode\SwitchNode.vcxproj", "{C2C4A779-79D4-424D-B173-6758AA8EEB23}"
EndProject
Project("{8BC9CEB8-8B4A-11D0-8D11-00A0C91BC942}") = "LODNode", "LODNode\LODNode.vcxproj", "{7F05C236-ABFA-4A45-99F3-95953458103D}"
EndProject
Project("{8BC9CEB8-8B4A-11D0-8D11-00A0C91BC942}") = "DynamicLine", "DynamicLine\DynamicLine.vcxproj", "{97E39412-4284-4976-9999-C3F540D64C3F}"
EndProject
Project("{8BC9CEB8-8B4A-11D0-8D11-00A0C91BC942}") = "SimpleRoom", "SimpleRoom\SimpleRoom.vcxproj", "{ACB06877-3D65-48DE-AA3B-3FC998AF9DD2}"
EndProject
Project("{8BC9CEB8-8B4A-11D0-8D11-00A0C91BC942}") = "BitMap", "BitMap\BitMap.vcxproj", "{B58F4D5F-B8B1-4DB3-A782-4888A9E8E34C}"
EndProject
Project("{8BC9CEB8-8B4A-11D0-8D11-00A0C91BC942}") = "TextShow", "TextShow\TextShow.vcxproj", "{4739EA39-D4B4-47AA-8680-83F9E9B3733E}"
EndProject
Global
	GlobalSection(SolutionConfigurationPlatforms) = preSolution
		Debug|x64 = Debug|x64
		Debug|x86 = Debug|x86
		Release|x64 = Release|x64
		Release|x86 = Release|x86
	EndGlobalSection
	GlobalSection(ProjectConfigurationPlatforms) = postSolution
		{28BD22B2-E06E-45E9-ACFF-775A131D8545}.Debug|x64.ActiveCfg = Debug|x64
		{28BD22B2-E06E-45E9-ACFF-775A131D8545}.Debug|x64.Build.0 = Debug|x64
		{28BD22B2-E06E-45E9-ACFF-775A131D8545}.Debug|x86.ActiveCfg = Debug|Win32
		{28BD22B2-E06E-45E9-ACFF-775A131D8545}.Debug|x86.Build.0 = Debug|Win32
		{28BD22B2-E06E-45E9-ACFF-775A131D8545}.Release|x64.ActiveCfg = Release|x64
		{28BD22B2-E06E-45E9-ACFF-775A131D8545}.Release|x64.Build.0 = Release|x64
		{28BD22B2-E06E-45E9-ACFF-775A131D8545}.Release|x86.ActiveCfg = Release|Win32
		{28BD22B2-E06E-45E9-ACFF-775A131D8545}.Release|x86.Build.0 = Release|Win32
		{80C94CEC-4003-4157-A0A9-2A7962073DCD}.Debug|x64.ActiveCfg = Debug|x64
		{80C94CEC-4003-4157-A0A9-2A7962073DCD}.Debug|x64.Build.0 = Debug|x64
		{80C94CEC-4003-4157-A0A9-2A7962073DCD}.Debug|x86.ActiveCfg = Debug|Win32
		{80C94CEC-4003-4157-A0A9-2A7962073DCD}.Debug|x86.Build.0 = Debug|Win32
		{80C94CEC-4003-4157-A0A9-2A7962073DCD}.Release|x64.ActiveCfg = Release|x64
		{80C94CEC-4003-4157-A0A9-2A7962073DCD}.Release|x64.Build.0 = Release|x64
		{80C94CEC-4003-4157-A0A9-2A7962073DCD}.Release|x86.ActiveCfg = Release|Win32
		{80C94CEC-4003-4157-A0A9-2A7962073DCD}.Release|x86.Build.0 = Release|Win32
		{26888342-1C41-41B2-9A15-A038AF2DC4AB}.Debug|x64.ActiveCfg = Debug|x64
		{26888342-1C41-41B2-9A15-A038AF2DC4AB}.Debug|x64.Build.0 = Debug|x64
		{26888342-1C41-41B2-9A15-A038AF2DC4AB}.Debug|x86.ActiveCfg = Debug|Win32
		{26888342-1C41-41B2-9A15-A038AF2DC4AB}.Debug|x86.Build.0 = Debug|Win32
		{26888342-1C41-41B2-9A15-A038AF2DC4AB}.Release|x64.ActiveCfg = Release|x64
		{26888342-1C41-41B2-9A15-A038AF2DC4AB}.Release|x64.Build.0 = Release|x64
		{26888342-1C41-41B2-9A15-A038AF2DC4AB}.Release|x86.ActiveCfg = Release|Win32
		{26888342-1C41-41B2-9A15-A038AF2DC4AB}.Release|x86.Build.0 = Release|Win32
		{578D40E9-F284-465E-B9A5-4E06E79F622F}.Debug|x64.ActiveCfg = Debug|x64
		{578D40E9-F284-465E-B9A5-4E06E79F622F}.Debug|x64.Build.0 = Debug|x64
		{578D40E9-F284-465E-B9A5-4E06E79F622F}.Debug|x86.ActiveCfg = Debug|Win32
		{578D40E9-F284-465E-B9A5-4E06E79F622F}.Debug|x86.Build.0 = Debug|Win32
		{578D40E9-F284-465E-B9A5-4E06E79F622F}.Release|x64.ActiveCfg = Release|x64
		{578D40E9-F284-465E-B9A5-4E06E79F622F}.Release|x64.Build.0 = Release|x64
		{578D40E9-F284-465E-B9A5-4E06E79F622F}.Release|x86.ActiveCfg = Release|Win32
		{578D40E9-F284-465E-B9A5-4E06E79F622F}.Release|x86.Build.0 = Release|Win32
		{C2C4A779-79D4-424D-B173-6758AA8EEB23}.Debug|x64.ActiveCfg = Debug|x64
		{C2C4A779-79D4-424D-B173-6758AA8EEB23}.Debug|x64.Build.0 = Debug|x64
		{C2C4A779-79D4-424D-B173-6758AA8EEB23}.Debug|x86.ActiveCfg = Debug|Win32
		{C2C4A779-79D4-424D-B173-6758AA8EEB23}.Debug|x86.Build.0 = Debug|Win32
		{C2C4A779-79D4-424D-B173-6758AA8EEB23}.Release|x64.ActiveCfg = Release|x64
		{C2C4A779-79D4-424D-B173-6758AA8EEB23}.Release|x64.Build.0 = Release|x64
		{C2C4A779-79D4-424D-B173-6758AA8EEB23}.Release|x86.ActiveCfg = Release|Win32
		{C2C4A779-79D4-424D-B173-6758AA8EEB23}.Release|x86.Build.0 = Release|Win32
		{7F05C236-ABFA-4A45-99F3-95953458103D}.Debug|x64.ActiveCfg = Debug|x64
		{7F05C236-ABFA-4A45-99F3-95953458103D}.Debug|x64.Build.0 = Debug|x64
		{7F05C236-ABFA-4A45-99F3-95953458103D}.Debug|x86.ActiveCfg = Debug|Win32
		{7F05C236-ABFA-4A45-99F3-95953458103D}.Debug|x86.Build.0 = Debug|Win32
		{7F05C236-ABFA-4A45-99F3-95953458103D}.Release|x64.ActiveCfg = Release|x64
		{7F05C236-ABFA-4A45-99F3-95953458103D}.Release|x64.Build.0 = Release|x64
		{7F05C236-ABFA-4A45-99F3-95953458103D}.Release|x86.ActiveCfg = Release|Win32
		{7F05C236-ABFA-4A45-99F3-95953458103D}.Release|x86.Build.0 = Release|Win32
		{97E39412-4284-4976-9999-C3F540D64C3F}.Debug|x64.ActiveCfg = Debug|x64
		{97E39412-4284-4976-9999-C3F540D64C3F}.Debug|x64.Build.0 = Debug|x64
		{97E39412-4284-4976-9999-C3F540D64C3F}.Debug|x86.ActiveCfg = Debug|Win32
		{97E39412-4284-4976-9999-C3F540D64C3F}.Debug|x86.Build.0 = Debug|Win32
		{97E39412-4284-4976-9999-C3F540D64C3F}.Release|x64.ActiveCfg = Release|x64
		{97E39412-4284-4976-9999-C3F540D64C3F}.Release|x64.Build.0 = Release|x64
		{97E39412-4284-4976-9999-C3F540D64C3F}.Release|x86.ActiveCfg = Release|Win32
		{97E39412-4284-4976-9999-C3F540D64C3F}.Release|x86.Build.0 = Release|Win32
		{ACB06877-3D65-48DE-AA3B-3FC998AF9DD2}.Debug|x64.ActiveCfg = Debug|x64
		{ACB06877-3D65-48DE-AA3B-3FC998AF9DD2}.Debug|x64.Build.0 = Debug|x64
		{ACB06877-3D65-48DE-AA3B-3FC998AF9DD2}.Debug|x86.ActiveCfg = Debug|Win32
		{ACB06877-3D65-48DE-AA3B-3FC998AF9DD2}.Debug|x86.Build.0 = Debug|Win32
		{ACB06877-3D65-48DE-AA3B-3FC998AF9DD2}.Release|x64.ActiveCfg = Release|x64
		{ACB06877-3D65-48DE-AA3B-3FC998AF9DD2}.Release|x64.Build.0 = Release|x64
		{ACB06877-3D65-48DE-AA3B-3FC998AF9DD2}.Release|x86.ActiveCfg = Release|Win32
		{ACB06877-3D65-48DE-AA3B-3FC998AF9DD2}.Release|x86.Build.0 = Release|Win32
		{B58F4D5F-B8B1-4DB3-A782-4888A9E8E34C}.Debug|x64.ActiveCfg = Debug|x64
		{B58F4D5F-B8B1-4DB3-A782-4888A9E8E34C}.Debug|x64.Build.0 = Debug|x64
		{B58F4D5F-B8B1-4DB3-A782-4888A9E8E34C}.Debug|x86.ActiveCfg = Debug|Win32
		{B58F4D5F-B8B1-4DB3-A782-4888A9E8E34C}.Debug|x86.Build.0 = Debug|Win32
		{B58F4D5F-B8B1-4DB3-A782-4888A9E8E34C}.Release|x64.ActiveCfg = Release|x64
		{B58F4D5F-B8B1-4DB3-A782-4888A9E8E34C}.Release|x64.Build.0 = Release|x64
		{B58F4D5F-B8B1-4DB3-A782-4888A9E8E34C}.Release|x86.ActiveCfg = Release|Win32
		{B58F4D5F-B8B1-4DB3-A782-4888A9E8E34C}.Release|x86.Build.0 = Release|Win32
		{4739EA39-D4B4-47AA-8680-83F9E9B3733E}.Debug|x64.ActiveCfg = Debug|x64
		{4739EA39-D4B4-47AA-8680-83F9E9B3733E}.Debug|x64.Build.0 = Debug|x64
		{4739EA39-D4B4-47AA-8680-83F9E9B3733E}.Debug|x86.ActiveCfg = Debug|Win32
		{4739EA39-D4B4-47AA-8680-83F9E9B3733E}.Debug|x86.Build.0 = Debug|Win32
		{4739EA39-D4B4-47AA-8680-83F9E9B3733E}.Release|x64.ActiveCfg = Release|x64
		{4739EA39-D4B4-47AA-8680-83F9E9B3733E}.Release|x64.Build.0 = Release|x64
		{4739EA39-D4B4-47AA-8680-83F9E9B3733E}.Release|x86.ActiveCfg = Release|Win32
		{4739EA39-D4B4-47AA-8680-83F9E9B3733E}.Release|x86.Build.0 = Release|Win32
	EndGlobalSection
	GlobalSection(SolutionProperties) = preSolution
		HideSolutionNode = FALSE
	EndGlobalSection
EndGlobal
